
Microsoft Visual Studio Solution File, Format Version 12.00
# Visual Studio Version 16
VisualStudioVersion = 16.0.33214.272
MinimumVisualStudioVersion = 10.0.40219.1
Project("{FAE04EC0-301F-11D3-BF4B-00C04F79EFBC}") = "LikeslMission6", "LikeslMission6\LikeslMission6.csproj", "{BFC846FA-5D73-4E01-9827-9F5A0C46824E}"
EndProject
Global
	GlobalSection(SolutionConfigurationPlatforms) = preSolution
		Debug|Any CPU = Debug|Any CPU
		Release|Any CPU = Release|Any CPU
	EndGlobalSection
	GlobalSection(ProjectConfigurationPlatforms) = postSolution
		{BFC846FA-5D73-4E01-9827-9F5A0C46824E}.Debug|Any CPU.ActiveCfg = Debug|Any CPU
		{BFC846FA-5D73-4E01-9827-9F5A0C46824E}.Debug|Any CPU.Build.0 = Debug|Any CPU
		{BFC846FA-5D73-4E01-9827-9F5A0C46824E}.Release|Any CPU.ActiveCfg = Release|Any CPU
		{BFC846FA-5D73-4E01-9827-9F5A0C46824E}.Release|Any CPU.Build.0 = Release|Any CPU
	EndGlobalSection
	GlobalSection(SolutionProperties) = preSolution
		HideSolutionNode = FALSE
	EndGlobalSection
	GlobalSection(ExtensibilityGlobals) = postSolution
		SolutionGuid = {40DC329B-9110-4E10-AE3C-B8AA975B91B2}
	EndGlobalSection
EndGlobal
